
Microsoft Visual Studio Solution File, Format Version 11.00
# Visual Studio 2010
Project("{FAE04EC0-301F-11D3-BF4B-00C04F79EFBC}") = "Assembly-CSharp", "Assembly-CSharp.csproj", "{EC570988-CE50-DDA7-C35F-9FC42AE3E68A}"
EndProject
Project("{FAE04EC0-301F-11D3-BF4B-00C04F79EFBC}") = "Assembly-CSharp-Editor", "Assembly-CSharp-Editor.csproj", "{EB2BA131-F2DE-671B-EE34-2076A656C1A9}"
EndProject
Global
	GlobalSection(SolutionConfigurationPlatforms) = preSolution
		Debug|Any CPU = Debug|Any CPU
		Release|Any CPU = Release|Any CPU
	EndGlobalSection
	GlobalSection(ProjectConfigurationPlatforms) = postSolution
		{EC570988-CE50-DDA7-C35F-9FC42AE3E68A}.Debug|Any CPU.ActiveCfg = Debug|Any CPU
		{EC570988-CE50-DDA7-C35F-9FC42AE3E68A}.Debug|Any CPU.Build.0 = Debug|Any CPU
		{EC570988-CE50-DDA7-C35F-9FC42AE3E68A}.Release|Any CPU.ActiveCfg = Release|Any CPU
		{EC570988-CE50-DDA7-C35F-9FC42AE3E68A}.Release|Any CPU.Build.0 = Release|Any CPU
		{EB2BA131-F2DE-671B-EE34-2076A656C1A9}.Debug|Any CPU.ActiveCfg = Debug|Any CPU
		{EB2BA131-F2DE-671B-EE34-2076A656C1A9}.Debug|Any CPU.Build.0 = Debug|Any CPU
		{EB2BA131-F2DE-671B-EE34-2076A656C1A9}.Release|Any CPU.ActiveCfg = Release|Any CPU
		{EB2BA131-F2DE-671B-EE34-2076A656C1A9}.Release|Any CPU.Build.0 = Release|Any CPU
	EndGlobalSection
	GlobalSection(SolutionProperties) = preSolution
		HideSolutionNode = FALSE
	EndGlobalSection
EndGlobal
